
Microsoft Visual Studio Solution File, Format Version 12.00
# Visual Studio Version 17
VisualStudioVersion = 17.0.31903.59
MinimumVisualStudioVersion = 10.0.40219.1
Project("{9A19103F-16F7-4668-BE54-9A1E7A4F7556}") = "ModifAmorphic.Outward.ActionUI.Plugin", "ActionUI.Plugin\ModifAmorphic.Outward.ActionUI.Plugin.csproj", "{B5BAF1A6-C097-4219-A14F-9410C66CA395}"
EndProject
Project("{9A19103F-16F7-4668-BE54-9A1E7A4F7556}") = "ModifAmorphic.Outward.ActionUI", "ActionUI\ModifAmorphic.Outward.ActionUI.csproj", "{812D0067-22E7-46A4-90E7-206D8B23C879}"
EndProject
Project("{9A19103F-16F7-4668-BE54-9A1E7A4F7556}") = "ModifAmorphic.Outward.Shared", "..\..\..\..\modifamorphic\GitHub-Outward\outward-shared\outward\Outward.Shared\ModifAmorphic.Outward.Shared\ModifAmorphic.Outward.Shared.csproj", "{466DFAC2-150D-4A18-B06E-CFB7FC93A70F}"
EndProject
Global
	GlobalSection(SolutionConfigurationPlatforms) = preSolution
		Debug|Any CPU = Debug|Any CPU
		DebugLocal|Any CPU = DebugLocal|Any CPU
		Release|Any CPU = Release|Any CPU
	EndGlobalSection
	GlobalSection(ProjectConfigurationPlatforms) = postSolution
		{B5BAF1A6-C097-4219-A14F-9410C66CA395}.Debug|Any CPU.ActiveCfg = Debug|Any CPU
		{B5BAF1A6-C097-4219-A14F-9410C66CA395}.Debug|Any CPU.Build.0 = Debug|Any CPU
		{B5BAF1A6-C097-4219-A14F-9410C66CA395}.DebugLocal|Any CPU.ActiveCfg = Debug|Any CPU
		{B5BAF1A6-C097-4219-A14F-9410C66CA395}.DebugLocal|Any CPU.Build.0 = Debug|Any CPU
		{B5BAF1A6-C097-4219-A14F-9410C66CA395}.Release|Any CPU.ActiveCfg = Release|Any CPU
		{B5BAF1A6-C097-4219-A14F-9410C66CA395}.Release|Any CPU.Build.0 = Release|Any CPU
		{812D0067-22E7-46A4-90E7-206D8B23C879}.Debug|Any CPU.ActiveCfg = Debug|Any CPU
		{812D0067-22E7-46A4-90E7-206D8B23C879}.Debug|Any CPU.Build.0 = Debug|Any CPU
		{812D0067-22E7-46A4-90E7-206D8B23C879}.DebugLocal|Any CPU.ActiveCfg = DebugLocal|Any CPU
		{812D0067-22E7-46A4-90E7-206D8B23C879}.DebugLocal|Any CPU.Build.0 = DebugLocal|Any CPU
		{812D0067-22E7-46A4-90E7-206D8B23C879}.Release|Any CPU.ActiveCfg = Release|Any CPU
		{812D0067-22E7-46A4-90E7-206D8B23C879}.Release|Any CPU.Build.0 = Release|Any CPU
		{466DFAC2-150D-4A18-B06E-CFB7FC93A70F}.Debug|Any CPU.ActiveCfg = Debug|Any CPU
		{466DFAC2-150D-4A18-B06E-CFB7FC93A70F}.Debug|Any CPU.Build.0 = Debug|Any CPU
		{466DFAC2-150D-4A18-B06E-CFB7FC93A70F}.DebugLocal|Any CPU.ActiveCfg = Debug|Any CPU
		{466DFAC2-150D-4A18-B06E-CFB7FC93A70F}.DebugLocal|Any CPU.Build.0 = Debug|Any CPU
		{466DFAC2-150D-4A18-B06E-CFB7FC93A70F}.Release|Any CPU.ActiveCfg = Release|Any CPU
		{466DFAC2-150D-4A18-B06E-CFB7FC93A70F}.Release|Any CPU.Build.0 = Release|Any CPU
	EndGlobalSection
	GlobalSection(SolutionProperties) = preSolution
		HideSolutionNode = FALSE
	EndGlobalSection
	GlobalSection(ExtensibilityGlobals) = postSolution
		SolutionGuid = {1B3CB0D2-9DEC-4B6F-90B7-0059CD097FA1}
	EndGlobalSection
EndGlobal
