
Microsoft Visual Studio Solution File, Format Version 12.00
# Visual Studio Version 17
VisualStudioVersion = 17.0.31903.59
MinimumVisualStudioVersion = 10.0.40219.1
Project("{9A19103F-16F7-4668-BE54-9A1E7A4F7556}") = "ModifAmorphic.Outward.RespecPotions", "RespecPotions\ModifAmorphic.Outward.RespecPotions.csproj", "{79695EE3-5826-4A01-BA36-C2D3E5DA304C}"
EndProject
Global
	GlobalSection(SolutionConfigurationPlatforms) = preSolution
		Debug|Any CPU = Debug|Any CPU
		Release|Any CPU = Release|Any CPU
	EndGlobalSection
	GlobalSection(ProjectConfigurationPlatforms) = postSolution
		{79695EE3-5826-4A01-BA36-C2D3E5DA304C}.Debug|Any CPU.ActiveCfg = Debug|Any CPU
		{79695EE3-5826-4A01-BA36-C2D3E5DA304C}.Debug|Any CPU.Build.0 = Debug|Any CPU
		{79695EE3-5826-4A01-BA36-C2D3E5DA304C}.Release|Any CPU.ActiveCfg = Release|Any CPU
		{79695EE3-5826-4A01-BA36-C2D3E5DA304C}.Release|Any CPU.Build.0 = Release|Any CPU
	EndGlobalSection
	GlobalSection(SolutionProperties) = preSolution
		HideSolutionNode = FALSE
	EndGlobalSection
	GlobalSection(ExtensibilityGlobals) = postSolution
		SolutionGuid = {9CD235DA-AE24-4289-9763-98C88642430E}
	EndGlobalSection
EndGlobal
